
Microsoft Visual Studio Solution File, Format Version 12.00
# Visual Studio Version 16
VisualStudioVersion = 16.0.28803.156
MinimumVisualStudioVersion = 10.0.40219.1
Project("{2150E333-8FDC-42A3-9474-1A3956D46DE8}") = "UI", "UI", "{8129E8C0-4E16-48BB-8EDF-11CB310DEE82}"
EndProject
Project("{2150E333-8FDC-42A3-9474-1A3956D46DE8}") = "Services", "Services", "{4D9F97EC-E87F-4F84-85E5-1441F764F56C}"
EndProject
Project("{2150E333-8FDC-42A3-9474-1A3956D46DE8}") = "Common", "Common", "{E2D8BD13-BB61-437E-AEE1-73F1F7E9D2EF}"
EndProject
Project("{9A19103F-16F7-4668-BE54-9A1E7A4F7556}") = "WebStore.Domain", "Common\WebStore.Domain\WebStore.Domain.csproj", "{97C10EE8-8FED-4BD3-8888-6417B267E8FE}"
EndProject
Project("{9A19103F-16F7-4668-BE54-9A1E7A4F7556}") = "WebStore.DAL", "Services\WebStore.DAL\WebStore.DAL.csproj", "{3204DB01-6FD9-4AF0-A764-6798A9984DFA}"
EndProject
Project("{9A19103F-16F7-4668-BE54-9A1E7A4F7556}") = "WebStore", "UI\WebStore\WebStore.csproj", "{AD2E2600-9B7E-4FF1-8CE0-835591A33E1B}"
EndProject
Project("{9A19103F-16F7-4668-BE54-9A1E7A4F7556}") = "WebStore.ServiceHosting", "Services\WebStore.ServiceHosting\WebStore.ServiceHosting.csproj", "{D0B4D7ED-8D8E-4778-A8EB-5EBECAE1201E}"
EndProject
Project("{9A19103F-16F7-4668-BE54-9A1E7A4F7556}") = "WebStore.Interfaces", "Services\WebStore.Interfaces\WebStore.Interfaces.csproj", "{EAC2DB3C-472D-4F42-8A8E-2F2873065A1D}"
EndProject
Project("{9A19103F-16F7-4668-BE54-9A1E7A4F7556}") = "WebStore.Services", "Services\WebStore.Services\WebStore.Services.csproj", "{3DDAF1E2-4EFB-4582-A2E1-522CFF182046}"
EndProject
Project("{9A19103F-16F7-4668-BE54-9A1E7A4F7556}") = "WebStore.Clients", "Services\WebStore.Clients\WebStore.Clients.csproj", "{E3226A26-0B92-4282-B5FD-6DB804F883AD}"
EndProject
Project("{FAE04EC0-301F-11D3-BF4B-00C04F79EFBC}") = "WebStore.Logger", "Common\WebStore.Logger\WebStore.Logger.csproj", "{E37F9978-B6B8-47BB-B459-D49CC3A02DF8}"
EndProject
Global
	GlobalSection(SolutionConfigurationPlatforms) = preSolution
		Debug|Any CPU = Debug|Any CPU
		Release|Any CPU = Release|Any CPU
	EndGlobalSection
	GlobalSection(ProjectConfigurationPlatforms) = postSolution
		{97C10EE8-8FED-4BD3-8888-6417B267E8FE}.Debug|Any CPU.ActiveCfg = Debug|Any CPU
		{97C10EE8-8FED-4BD3-8888-6417B267E8FE}.Debug|Any CPU.Build.0 = Debug|Any CPU
		{97C10EE8-8FED-4BD3-8888-6417B267E8FE}.Release|Any CPU.ActiveCfg = Release|Any CPU
		{97C10EE8-8FED-4BD3-8888-6417B267E8FE}.Release|Any CPU.Build.0 = Release|Any CPU
		{3204DB01-6FD9-4AF0-A764-6798A9984DFA}.Debug|Any CPU.ActiveCfg = Debug|Any CPU
		{3204DB01-6FD9-4AF0-A764-6798A9984DFA}.Debug|Any CPU.Build.0 = Debug|Any CPU
		{3204DB01-6FD9-4AF0-A764-6798A9984DFA}.Release|Any CPU.ActiveCfg = Release|Any CPU
		{3204DB01-6FD9-4AF0-A764-6798A9984DFA}.Release|Any CPU.Build.0 = Release|Any CPU
		{AD2E2600-9B7E-4FF1-8CE0-835591A33E1B}.Debug|Any CPU.ActiveCfg = Debug|Any CPU
		{AD2E2600-9B7E-4FF1-8CE0-835591A33E1B}.Debug|Any CPU.Build.0 = Debug|Any CPU
		{AD2E2600-9B7E-4FF1-8CE0-835591A33E1B}.Release|Any CPU.ActiveCfg = Release|Any CPU
		{AD2E2600-9B7E-4FF1-8CE0-835591A33E1B}.Release|Any CPU.Build.0 = Release|Any CPU
		{D0B4D7ED-8D8E-4778-A8EB-5EBECAE1201E}.Debug|Any CPU.ActiveCfg = Debug|Any CPU
		{D0B4D7ED-8D8E-4778-A8EB-5EBECAE1201E}.Debug|Any CPU.Build.0 = Debug|Any CPU
		{D0B4D7ED-8D8E-4778-A8EB-5EBECAE1201E}.Release|Any CPU.ActiveCfg = Release|Any CPU
		{D0B4D7ED-8D8E-4778-A8EB-5EBECAE1201E}.Release|Any CPU.Build.0 = Release|Any CPU
		{EAC2DB3C-472D-4F42-8A8E-2F2873065A1D}.Debug|Any CPU.ActiveCfg = Debug|Any CPU
		{EAC2DB3C-472D-4F42-8A8E-2F2873065A1D}.Debug|Any CPU.Build.0 = Debug|Any CPU
		{EAC2DB3C-472D-4F42-8A8E-2F2873065A1D}.Release|Any CPU.ActiveCfg = Release|Any CPU
		{EAC2DB3C-472D-4F42-8A8E-2F2873065A1D}.Release|Any CPU.Build.0 = Release|Any CPU
		{3DDAF1E2-4EFB-4582-A2E1-522CFF182046}.Debug|Any CPU.ActiveCfg = Debug|Any CPU
		{3DDAF1E2-4EFB-4582-A2E1-522CFF182046}.Debug|Any CPU.Build.0 = Debug|Any CPU
		{3DDAF1E2-4EFB-4582-A2E1-522CFF182046}.Release|Any CPU.ActiveCfg = Release|Any CPU
		{3DDAF1E2-4EFB-4582-A2E1-522CFF182046}.Release|Any CPU.Build.0 = Release|Any CPU
		{E3226A26-0B92-4282-B5FD-6DB804F883AD}.Debug|Any CPU.ActiveCfg = Debug|Any CPU
		{E3226A26-0B92-4282-B5FD-6DB804F883AD}.Debug|Any CPU.Build.0 = Debug|Any CPU
		{E3226A26-0B92-4282-B5FD-6DB804F883AD}.Release|Any CPU.ActiveCfg = Release|Any CPU
		{E3226A26-0B92-4282-B5FD-6DB804F883AD}.Release|Any CPU.Build.0 = Release|Any CPU
		{E37F9978-B6B8-47BB-B459-D49CC3A02DF8}.Debug|Any CPU.ActiveCfg = Debug|Any CPU
		{E37F9978-B6B8-47BB-B459-D49CC3A02DF8}.Debug|Any CPU.Build.0 = Debug|Any CPU
		{E37F9978-B6B8-47BB-B459-D49CC3A02DF8}.Release|Any CPU.ActiveCfg = Release|Any CPU
		{E37F9978-B6B8-47BB-B459-D49CC3A02DF8}.Release|Any CPU.Build.0 = Release|Any CPU
	EndGlobalSection
	GlobalSection(SolutionProperties) = preSolution
		HideSolutionNode = FALSE
	EndGlobalSection
	GlobalSection(NestedProjects) = preSolution
		{97C10EE8-8FED-4BD3-8888-6417B267E8FE} = {E2D8BD13-BB61-437E-AEE1-73F1F7E9D2EF}
		{3204DB01-6FD9-4AF0-A764-6798A9984DFA} = {4D9F97EC-E87F-4F84-85E5-1441F764F56C}
		{AD2E2600-9B7E-4FF1-8CE0-835591A33E1B} = {8129E8C0-4E16-48BB-8EDF-11CB310DEE82}
		{D0B4D7ED-8D8E-4778-A8EB-5EBECAE1201E} = {4D9F97EC-E87F-4F84-85E5-1441F764F56C}
		{EAC2DB3C-472D-4F42-8A8E-2F2873065A1D} = {4D9F97EC-E87F-4F84-85E5-1441F764F56C}
		{3DDAF1E2-4EFB-4582-A2E1-522CFF182046} = {4D9F97EC-E87F-4F84-85E5-1441F764F56C}
		{E3226A26-0B92-4282-B5FD-6DB804F883AD} = {4D9F97EC-E87F-4F84-85E5-1441F764F56C}
		{E37F9978-B6B8-47BB-B459-D49CC3A02DF8} = {E2D8BD13-BB61-437E-AEE1-73F1F7E9D2EF}
	EndGlobalSection
	GlobalSection(ExtensibilityGlobals) = postSolution
		SolutionGuid = {15C1CCFA-05C9-4842-BFB2-E3EAF352BFF3}
	EndGlobalSection
EndGlobal
